<?xml version="1.0" encoding="utf-8"?>
<Project ToolsVersion="4.0" xmlns="http://schemas.microsoft.com/developer/msbuild/2003">
  <ItemGroup>
    <Filter Include="源文件">
      <UniqueIdentifier>{4FC737F1-C7A5-4376-A066-2A32D752A2FF}</UniqueIdentifier>
      <Extensions>cpp;c;cc;cxx;def;odl;idl;hpj;bat;asm;asmx</Extensions>
    </Filter>
    <Filter Include="头文件">
      <UniqueIdentifier>{93995380-89BD-4b04-88EB-625FBE52EBFB}</UniqueIdentifier>
      <Extensions>h;hpp;hxx;hm;inl;inc;xsd</Extensions>
    </Filter>
    <Filter Include="资源文件">
      <UniqueIdentifier>{67DA6AB6-F800-4c08-8B7A-83BB121AAD01}</UniqueIdentifier>
      <Extensions>rc;ico;cur;bmp;dlg;rc2;rct;bin;rgs;gif;jpg;jpeg;jpe;resx;tiff;tif;png;wav;mfcribbon-ms</Extensions>
    </Filter>
  </ItemGroup>
  <ItemGroup>
    <ClCompile Include="main.cpp">
      <Filter>源文件</Filter>
    </ClCompile>
    <ClCompile Include="test\skiplist_test.cpp">
      <Filter>源文件</Filter>
    </ClCompile>
    <ClCompile Include="util\arena.cpp">
      <Filter>源文件</Filter>
    </ClCompile>
    <ClCompile Include="util\status.cpp">
      <Filter>源文件</Filter>
    </ClCompile>
    <ClCompile Include="db\memtable.cpp">
      <Filter>源文件</Filter>
    </ClCompile>
    <ClCompile Include="util\coding.cpp">
      <Filter>源文件</Filter>
    </ClCompile>
    <ClCompile Include="db\dbformat.cpp">
      <Filter>源文件</Filter>
    </ClCompile>
    <ClCompile Include="test\memtable_test.cpp">
      <Filter>源文件</Filter>
    </ClCompile>
    <ClCompile Include="table\iterator.cpp">
      <Filter>源文件</Filter>
    </ClCompile>
    <ClCompile Include="table\block_builder.cpp">
      <Filter>源文件</Filter>
    </ClCompile>
    <ClCompile Include="table\block.cpp">
      <Filter>源文件</Filter>
    </ClCompile>
    <ClCompile Include="util\comparator.cpp">
      <Filter>源文件</Filter>
    </ClCompile>
    <ClCompile Include="port\port_win.cpp">
      <Filter>源文件</Filter>
    </ClCompile>
    <ClCompile Include="table\table_builder.cpp">
      <Filter>源文件</Filter>
    </ClCompile>
    <ClCompile Include="util\crc32c.cpp">
      <Filter>源文件</Filter>
    </ClCompile>
    <ClCompile Include="table\format.cpp">
      <Filter>源文件</Filter>
    </ClCompile>
    <ClCompile Include="table\table.cpp">
      <Filter>源文件</Filter>
    </ClCompile>
  </ItemGroup>
  <ItemGroup>
    <ClInclude Include="db\skiplist.h">
      <Filter>头文件</Filter>
    </ClInclude>
    <ClInclude Include="util\random.h">
      <Filter>头文件</Filter>
    </ClInclude>
    <ClInclude Include="test\test.h">
      <Filter>头文件</Filter>
    </ClInclude>
    <ClInclude Include="port\atomic_pointer.h">
      <Filter>头文件</Filter>
    </ClInclude>
    <ClInclude Include="port\port_posix.h">
      <Filter>头文件</Filter>
    </ClInclude>
    <ClInclude Include="port\port.h">
      <Filter>头文件</Filter>
    </ClInclude>
    <ClInclude Include="db\dbformat.h">
      <Filter>头文件</Filter>
    </ClInclude>
    <ClInclude Include="include\leveldb\comparator.h">
      <Filter>头文件</Filter>
    </ClInclude>
    <ClInclude Include="include\leveldb\slice.h">
      <Filter>头文件</Filter>
    </ClInclude>
    <ClInclude Include="include\leveldb\export.h">
      <Filter>头文件</Filter>
    </ClInclude>
    <ClInclude Include="util\arena.h">
      <Filter>头文件</Filter>
    </ClInclude>
    <ClInclude Include="include\leveldb\iterator.h">
      <Filter>头文件</Filter>
    </ClInclude>
    <ClInclude Include="include\leveldb\status.h">
      <Filter>头文件</Filter>
    </ClInclude>
    <ClInclude Include="db\memtable.h">
      <Filter>头文件</Filter>
    </ClInclude>
    <ClInclude Include="include\leveldb\db.h">
      <Filter>头文件</Filter>
    </ClInclude>
    <ClInclude Include="util\coding.h">
      <Filter>头文件</Filter>
    </ClInclude>
    <ClInclude Include="table\block_builder.h">
      <Filter>头文件</Filter>
    </ClInclude>
    <ClInclude Include="include\leveldb\options.h">
      <Filter>头文件</Filter>
    </ClInclude>
    <ClInclude Include="table\block.h">
      <Filter>头文件</Filter>
    </ClInclude>
    <ClInclude Include="table\format.h">
      <Filter>头文件</Filter>
    </ClInclude>
    <ClInclude Include="port\port_win.h">
      <Filter>头文件</Filter>
    </ClInclude>
    <ClInclude Include="include\leveldb\env.h">
      <Filter>头文件</Filter>
    </ClInclude>
    <ClInclude Include="include\leveldb\filter_policy.h">
      <Filter>头文件</Filter>
    </ClInclude>
    <ClInclude Include="include\leveldb\table_builder.h">
      <Filter>头文件</Filter>
    </ClInclude>
    <ClInclude Include="table\filter_block.h">
      <Filter>头文件</Filter>
    </ClInclude>
    <ClInclude Include="util\crc32c.h">
      <Filter>头文件</Filter>
    </ClInclude>
    <ClInclude Include="include\leveldb\table.h">
      <Filter>头文件</Filter>
    </ClInclude>
    <ClInclude Include="db\table_cache.h">
      <Filter>头文件</Filter>
    </ClInclude>
    <ClInclude Include="include\leveldb\cache.h">
      <Filter>头文件</Filter>
    </ClInclude>
  </ItemGroup>
</Project>